
Microsoft Visual Studio Solution File, Format Version 12.00
# Visual Studio Version 16
VisualStudioVersion = 16.0.31005.135
MinimumVisualStudioVersion = 10.0.40219.1
Project("{FAE04EC0-301F-11D3-BF4B-00C04F79EFBC}") = "EntityFrameworkDemo", "EntityFrameworkDemo\EntityFrameworkDemo.csproj", "{59DED246-B70F-42C2-A83C-379BBE2303D4}"
EndProject
Global
	GlobalSection(SolutionConfigurationPlatforms) = preSolution
		Debug|Any CPU = Debug|Any CPU
		Release|Any CPU = Release|Any CPU
	EndGlobalSection
	GlobalSection(ProjectConfigurationPlatforms) = postSolution
		{59DED246-B70F-42C2-A83C-379BBE2303D4}.Debug|Any CPU.ActiveCfg = Debug|Any CPU
		{59DED246-B70F-42C2-A83C-379BBE2303D4}.Debug|Any CPU.Build.0 = Debug|Any CPU
		{59DED246-B70F-42C2-A83C-379BBE2303D4}.Release|Any CPU.ActiveCfg = Release|Any CPU
		{59DED246-B70F-42C2-A83C-379BBE2303D4}.Release|Any CPU.Build.0 = Release|Any CPU
	EndGlobalSection
	GlobalSection(SolutionProperties) = preSolution
		HideSolutionNode = FALSE
	EndGlobalSection
	GlobalSection(ExtensibilityGlobals) = postSolution
		SolutionGuid = {0C91374C-95A8-42C2-AE64-5AE808DE5919}
	EndGlobalSection
EndGlobal
